{
  "object": {
    "pins": [
      {
        "package": "Combinative",
        "repositoryURL": "https://github.com/noppefoxwolf/Combinative.git",
        "state": {
          "branch": "main",
          "revision": "fd1728cb20ca1ef4c651acc09b0da58efdfa5448",
          "version": null
        }
      }
    ]
  },
  "version": 1
}
